
Microsoft Visual Studio Solution File, Format Version 12.00
# Visual Studio Version 17
VisualStudioVersion = 17.5.33516.290
MinimumVisualStudioVersion = 10.0.40219.1
Project("{FAE04EC0-301F-11D3-BF4B-00C04F79EFBC}") = "AirTekAessessmentConsoleApp", "AirTekAessessmentConsoleApp\AirTekAessessmentConsoleApp.csproj", "{47294F5B-737C-49AD-AE63-CCE2C871A393}"
EndProject
Global
	GlobalSection(SolutionConfigurationPlatforms) = preSolution
		Debug|Any CPU = Debug|Any CPU
		Release|Any CPU = Release|Any CPU
	EndGlobalSection
	GlobalSection(ProjectConfigurationPlatforms) = postSolution
		{47294F5B-737C-49AD-AE63-CCE2C871A393}.Debug|Any CPU.ActiveCfg = Debug|Any CPU
		{47294F5B-737C-49AD-AE63-CCE2C871A393}.Debug|Any CPU.Build.0 = Debug|Any CPU
		{47294F5B-737C-49AD-AE63-CCE2C871A393}.Release|Any CPU.ActiveCfg = Release|Any CPU
		{47294F5B-737C-49AD-AE63-CCE2C871A393}.Release|Any CPU.Build.0 = Release|Any CPU
	EndGlobalSection
	GlobalSection(SolutionProperties) = preSolution
		HideSolutionNode = FALSE
	EndGlobalSection
	GlobalSection(ExtensibilityGlobals) = postSolution
		SolutionGuid = {0EF30972-4385-4F07-92C4-BC06B7DC717F}
	EndGlobalSection
EndGlobal
